
Microsoft Visual Studio Solution File, Format Version 12.00
# Visual Studio Version 17
VisualStudioVersion = 17.0.31903.59
MinimumVisualStudioVersion = 10.0.40219.1
Project("{9A19103F-16F7-4668-BE54-9A1E7A4F7556}") = "Viotto.DomainDrivenDesign.Model", "Viotto.DomainDrivenDesign.Model\Viotto.DomainDrivenDesign.Model.csproj", "{088998B9-A65E-4B89-9877-D52AA2A5CD8D}"
EndProject
Project("{9A19103F-16F7-4668-BE54-9A1E7A4F7556}") = "Viotto.DomainDrivenDesign.Repository", "Viotto.DomainDrivenDesign.Repository\Viotto.DomainDrivenDesign.Repository.csproj", "{91ECC374-3DB1-4720-8FFE-D8BA4D68674F}"
EndProject
Project("{FAE04EC0-301F-11D3-BF4B-00C04F79EFBC}") = "Viotto.DomainDrivenDesign.Service", "Viotto.DomainDrivenDesign.Service\Viotto.DomainDrivenDesign.Service.csproj", "{EF6DF4FC-E169-4CD7-A7E3-3517C97BF092}"
EndProject
Project("{FAE04EC0-301F-11D3-BF4B-00C04F79EFBC}") = "Viotto.DomainDrivenDesign.Repository.UnitTests", "Viotto.DomainDrivenDesign.Repository.UnitTests\Viotto.DomainDrivenDesign.Repository.UnitTests.csproj", "{C31BAD9E-5D11-4B11-983C-7640F9FE288A}"
EndProject
Global
	GlobalSection(SolutionConfigurationPlatforms) = preSolution
		Debug|Any CPU = Debug|Any CPU
		Release|Any CPU = Release|Any CPU
	EndGlobalSection
	GlobalSection(ProjectConfigurationPlatforms) = postSolution
		{088998B9-A65E-4B89-9877-D52AA2A5CD8D}.Debug|Any CPU.ActiveCfg = Debug|Any CPU
		{088998B9-A65E-4B89-9877-D52AA2A5CD8D}.Debug|Any CPU.Build.0 = Debug|Any CPU
		{088998B9-A65E-4B89-9877-D52AA2A5CD8D}.Release|Any CPU.ActiveCfg = Release|Any CPU
		{088998B9-A65E-4B89-9877-D52AA2A5CD8D}.Release|Any CPU.Build.0 = Release|Any CPU
		{91ECC374-3DB1-4720-8FFE-D8BA4D68674F}.Debug|Any CPU.ActiveCfg = Debug|Any CPU
		{91ECC374-3DB1-4720-8FFE-D8BA4D68674F}.Debug|Any CPU.Build.0 = Debug|Any CPU
		{91ECC374-3DB1-4720-8FFE-D8BA4D68674F}.Release|Any CPU.ActiveCfg = Release|Any CPU
		{91ECC374-3DB1-4720-8FFE-D8BA4D68674F}.Release|Any CPU.Build.0 = Release|Any CPU
		{EF6DF4FC-E169-4CD7-A7E3-3517C97BF092}.Debug|Any CPU.ActiveCfg = Debug|Any CPU
		{EF6DF4FC-E169-4CD7-A7E3-3517C97BF092}.Debug|Any CPU.Build.0 = Debug|Any CPU
		{EF6DF4FC-E169-4CD7-A7E3-3517C97BF092}.Release|Any CPU.ActiveCfg = Release|Any CPU
		{EF6DF4FC-E169-4CD7-A7E3-3517C97BF092}.Release|Any CPU.Build.0 = Release|Any CPU
		{C31BAD9E-5D11-4B11-983C-7640F9FE288A}.Debug|Any CPU.ActiveCfg = Debug|Any CPU
		{C31BAD9E-5D11-4B11-983C-7640F9FE288A}.Debug|Any CPU.Build.0 = Debug|Any CPU
		{C31BAD9E-5D11-4B11-983C-7640F9FE288A}.Release|Any CPU.ActiveCfg = Release|Any CPU
		{C31BAD9E-5D11-4B11-983C-7640F9FE288A}.Release|Any CPU.Build.0 = Release|Any CPU
	EndGlobalSection
	GlobalSection(SolutionProperties) = preSolution
		HideSolutionNode = FALSE
	EndGlobalSection
	GlobalSection(ExtensibilityGlobals) = postSolution
		SolutionGuid = {86AD8D59-AFF3-4D0D-9DB2-F2631B4699B2}
	EndGlobalSection
EndGlobal
