
Microsoft Visual Studio Solution File, Format Version 12.00
# Visual Studio Version 17
VisualStudioVersion = 17.0.31903.59
MinimumVisualStudioVersion = 10.0.40219.1
Project("{9A19103F-16F7-4668-BE54-9A1E7A4F7556}") = "Viotto.DomainDrivenDesign.Model", "Viotto.DomainDrivenDesign.Model\Viotto.DomainDrivenDesign.Model.csproj", "{088998B9-A65E-4B89-9877-D52AA2A5CD8D}"
EndProject
Project("{9A19103F-16F7-4668-BE54-9A1E7A4F7556}") = "Viotto.DomainDrivenDesign.Repository", "Viotto.DomainDrivenDesign.Repository\Viotto.DomainDrivenDesign.Repository.csproj", "{91ECC374-3DB1-4720-8FFE-D8BA4D68674F}"
EndProject
Project("{9A19103F-16F7-4668-BE54-9A1E7A4F7556}") = "Viotto.DomainDrivenDesign.Service", "Viotto.DomainDrivenDesign.Service\Viotto.DomainDrivenDesign.Service.csproj", "{EF6DF4FC-E169-4CD7-A7E3-3517C97BF092}"
EndProject
Project("{2150E333-8FDC-42A3-9474-1A3956D46DE8}") = "src", "src", "{622BD12F-2093-4712-AD3F-C4BFB07684ED}"
EndProject
Project("{2150E333-8FDC-42A3-9474-1A3956D46DE8}") = "tests", "tests", "{1DAA6312-B96D-4A3C-8A1F-7FA64DD98D05}"
EndProject
Project("{9A19103F-16F7-4668-BE54-9A1E7A4F7556}") = "Viotto.DomainDrivenDesign.Repository.IntegrationTests", "Viotto.DomainDrivenDesign.Repository.IntegrationTests\Viotto.DomainDrivenDesign.Repository.IntegrationTests.csproj", "{05A07A63-03DD-4ABF-ACF5-E6BDCE6F4CFC}"
EndProject
Global
	GlobalSection(SolutionConfigurationPlatforms) = preSolution
		Debug|Any CPU = Debug|Any CPU
		Release|Any CPU = Release|Any CPU
	EndGlobalSection
	GlobalSection(ProjectConfigurationPlatforms) = postSolution
		{088998B9-A65E-4B89-9877-D52AA2A5CD8D}.Debug|Any CPU.ActiveCfg = Debug|Any CPU
		{088998B9-A65E-4B89-9877-D52AA2A5CD8D}.Debug|Any CPU.Build.0 = Debug|Any CPU
		{088998B9-A65E-4B89-9877-D52AA2A5CD8D}.Release|Any CPU.ActiveCfg = Release|Any CPU
		{088998B9-A65E-4B89-9877-D52AA2A5CD8D}.Release|Any CPU.Build.0 = Release|Any CPU
		{91ECC374-3DB1-4720-8FFE-D8BA4D68674F}.Debug|Any CPU.ActiveCfg = Debug|Any CPU
		{91ECC374-3DB1-4720-8FFE-D8BA4D68674F}.Debug|Any CPU.Build.0 = Debug|Any CPU
		{91ECC374-3DB1-4720-8FFE-D8BA4D68674F}.Release|Any CPU.ActiveCfg = Release|Any CPU
		{91ECC374-3DB1-4720-8FFE-D8BA4D68674F}.Release|Any CPU.Build.0 = Release|Any CPU
		{EF6DF4FC-E169-4CD7-A7E3-3517C97BF092}.Debug|Any CPU.ActiveCfg = Debug|Any CPU
		{EF6DF4FC-E169-4CD7-A7E3-3517C97BF092}.Debug|Any CPU.Build.0 = Debug|Any CPU
		{EF6DF4FC-E169-4CD7-A7E3-3517C97BF092}.Release|Any CPU.ActiveCfg = Release|Any CPU
		{EF6DF4FC-E169-4CD7-A7E3-3517C97BF092}.Release|Any CPU.Build.0 = Release|Any CPU
		{05A07A63-03DD-4ABF-ACF5-E6BDCE6F4CFC}.Debug|Any CPU.ActiveCfg = Debug|Any CPU
		{05A07A63-03DD-4ABF-ACF5-E6BDCE6F4CFC}.Debug|Any CPU.Build.0 = Debug|Any CPU
		{05A07A63-03DD-4ABF-ACF5-E6BDCE6F4CFC}.Release|Any CPU.ActiveCfg = Release|Any CPU
		{05A07A63-03DD-4ABF-ACF5-E6BDCE6F4CFC}.Release|Any CPU.Build.0 = Release|Any CPU
	EndGlobalSection
	GlobalSection(SolutionProperties) = preSolution
		HideSolutionNode = FALSE
	EndGlobalSection
	GlobalSection(NestedProjects) = preSolution
		{088998B9-A65E-4B89-9877-D52AA2A5CD8D} = {622BD12F-2093-4712-AD3F-C4BFB07684ED}
		{91ECC374-3DB1-4720-8FFE-D8BA4D68674F} = {622BD12F-2093-4712-AD3F-C4BFB07684ED}
		{EF6DF4FC-E169-4CD7-A7E3-3517C97BF092} = {622BD12F-2093-4712-AD3F-C4BFB07684ED}
		{05A07A63-03DD-4ABF-ACF5-E6BDCE6F4CFC} = {1DAA6312-B96D-4A3C-8A1F-7FA64DD98D05}
	EndGlobalSection
	GlobalSection(ExtensibilityGlobals) = postSolution
		SolutionGuid = {86AD8D59-AFF3-4D0D-9DB2-F2631B4699B2}
	EndGlobalSection
EndGlobal
