
Microsoft Visual Studio Solution File, Format Version 12.00
# Visual Studio Version 17
VisualStudioVersion = 17.0.31903.59
MinimumVisualStudioVersion = 10.0.40219.1
Project("{9A19103F-16F7-4668-BE54-9A1E7A4F7556}") = "Viotto.DomainDrivenDesign.Model", "Viotto.DomainDrivenDesign.Model\Viotto.DomainDrivenDesign.Model.csproj", "{088998B9-A65E-4B89-9877-D52AA2A5CD8D}"
EndProject
Project("{9A19103F-16F7-4668-BE54-9A1E7A4F7556}") = "Viotto.DomainDrivenDesign.Repository", "Viotto.DomainDrivenDesign.Repository\Viotto.DomainDrivenDesign.Repository.csproj", "{91ECC374-3DB1-4720-8FFE-D8BA4D68674F}"
EndProject
Global
	GlobalSection(SolutionConfigurationPlatforms) = preSolution
		Debug|Any CPU = Debug|Any CPU
		Release|Any CPU = Release|Any CPU
	EndGlobalSection
	GlobalSection(ProjectConfigurationPlatforms) = postSolution
		{088998B9-A65E-4B89-9877-D52AA2A5CD8D}.Debug|Any CPU.ActiveCfg = Debug|Any CPU
		{088998B9-A65E-4B89-9877-D52AA2A5CD8D}.Debug|Any CPU.Build.0 = Debug|Any CPU
		{088998B9-A65E-4B89-9877-D52AA2A5CD8D}.Release|Any CPU.ActiveCfg = Release|Any CPU
		{088998B9-A65E-4B89-9877-D52AA2A5CD8D}.Release|Any CPU.Build.0 = Release|Any CPU
		{91ECC374-3DB1-4720-8FFE-D8BA4D68674F}.Debug|Any CPU.ActiveCfg = Debug|Any CPU
		{91ECC374-3DB1-4720-8FFE-D8BA4D68674F}.Debug|Any CPU.Build.0 = Debug|Any CPU
		{91ECC374-3DB1-4720-8FFE-D8BA4D68674F}.Release|Any CPU.ActiveCfg = Release|Any CPU
		{91ECC374-3DB1-4720-8FFE-D8BA4D68674F}.Release|Any CPU.Build.0 = Release|Any CPU
	EndGlobalSection
	GlobalSection(SolutionProperties) = preSolution
		HideSolutionNode = FALSE
	EndGlobalSection
	GlobalSection(ExtensibilityGlobals) = postSolution
		SolutionGuid = {86AD8D59-AFF3-4D0D-9DB2-F2631B4699B2}
	EndGlobalSection
EndGlobal
